<?xml version="1.0" encoding="utf-8"?>
<Project ToolsVersion="4.0" xmlns="http://schemas.microsoft.com/developer/msbuild/2003">
  <ItemGroup>
    <Filter Include="include">
      <UniqueIdentifier>{93995380-89BD-4b04-88EB-625FBE52EBFB}</UniqueIdentifier>
      <Extensions>h;hh;hpp;hxx;h++;hm;inl;inc;ipp;xsd</Extensions>
    </Filter>
    <Filter Include="src">
      <UniqueIdentifier>{4FC737F1-C7A5-4376-A066-2A32D752A2FF}</UniqueIdentifier>
      <Extensions>cpp;c;cc;cxx;c++;cppm;ixx;def;odl;idl;hpj;bat;asm;asmx</Extensions>
    </Filter>
    <Filter Include="src\model">
      <UniqueIdentifier>{c5c6415f-49c0-4213-94b0-15e5705cc2b9}</UniqueIdentifier>
    </Filter>
    <Filter Include="src\Parser">
      <UniqueIdentifier>{f1df602c-c752-4cca-891d-e3d484060093}</UniqueIdentifier>
    </Filter>
    <Filter Include="src\Renderer">
      <UniqueIdentifier>{8f72edb0-2f5a-47cf-8188-1051e0d3b756}</UniqueIdentifier>
    </Filter>
    <Filter Include="src\Transform">
      <UniqueIdentifier>{c87e1b62-1f3d-45c8-82b5-a769a1af2aeb}</UniqueIdentifier>
    </Filter>
    <Filter Include="TestCases">
      <UniqueIdentifier>{6b28e963-0fc4-442a-9f67-a4e9063d03e7}</UniqueIdentifier>
    </Filter>
  </ItemGroup>
  <ItemGroup>
    <ClCompile Include="main.cpp">
      <Filter>src</Filter>
    </ClCompile>
    <ClCompile Include="SVGElement.cpp">
      <Filter>src\model</Filter>
    </ClCompile>
    <ClCompile Include="SVGParer.cpp">
      <Filter>src\Parser</Filter>
    </ClCompile>
    <ClCompile Include="SVGRenderer.cpp">
      <Filter>src\Renderer</Filter>
    </ClCompile>
    <ClCompile Include="Transform.cpp">
      <Filter>src\Transform</Filter>
    </ClCompile>
  </ItemGroup>
  <ItemGroup>
    <ClInclude Include="SVGParser.h">
      <Filter>include</Filter>
    </ClInclude>
    <ClInclude Include="SVGElement.h">
      <Filter>include</Filter>
    </ClInclude>
    <ClInclude Include="SVGRenderer.h">
      <Filter>include</Filter>
    </ClInclude>
    <ClInclude Include="Transform.h">
      <Filter>include</Filter>
    </ClInclude>
  </ItemGroup>
  <ItemGroup>
    <None Include=".gitignore" />
    <None Include=".gitkeep" />
    <None Include="sample.svg" />
    <None Include="gemini.svg" />
  </ItemGroup>
</Project>