<?xml version="1.0" encoding="utf-8"?>
<Project ToolsVersion="4.0" xmlns="http://schemas.microsoft.com/developer/msbuild/2003">
  <ItemGroup>
    <Filter Include="include">
      <UniqueIdentifier>{93995380-89BD-4b04-88EB-625FBE52EBFB}</UniqueIdentifier>
      <Extensions>h;hh;hpp;hxx;h++;hm;inl;inc;ipp;xsd</Extensions>
    </Filter>
    <Filter Include="src">
      <UniqueIdentifier>{4FC737F1-C7A5-4376-A066-2A32D752A2FF}</UniqueIdentifier>
      <Extensions>cpp;c;cc;cxx;c++;cppm;ixx;def;odl;idl;hpj;bat;asm;asmx</Extensions>
    </Filter>
    <Filter Include="src\model">
      <UniqueIdentifier>{c5c6415f-49c0-4213-94b0-15e5705cc2b9}</UniqueIdentifier>
    </Filter>
    <Filter Include="src\Parser">
      <UniqueIdentifier>{f1df602c-c752-4cca-891d-e3d484060093}</UniqueIdentifier>
    </Filter>
    <Filter Include="src\Renderer">
      <UniqueIdentifier>{8f72edb0-2f5a-47cf-8188-1051e0d3b756}</UniqueIdentifier>
    </Filter>
    <Filter Include="src\Transform">
      <UniqueIdentifier>{c87e1b62-1f3d-45c8-82b5-a769a1af2aeb}</UniqueIdentifier>
    </Filter>
    <Filter Include="TestCases">
      <UniqueIdentifier>{6b28e963-0fc4-442a-9f67-a4e9063d03e7}</UniqueIdentifier>
    </Filter>
    <Filter Include="src\Group">
      <UniqueIdentifier>{26a7fcd1-53c2-4d31-ae08-89261271dffa}</UniqueIdentifier>
    </Filter>
    <Filter Include="src\app">
      <UniqueIdentifier>{706b21ff-7196-41f3-af64-e1493c8b18a3}</UniqueIdentifier>
    </Filter>
    <Filter Include="src\Path">
      <UniqueIdentifier>{ad2c45b2-9d8e-4c11-9901-20fea2090d0f}</UniqueIdentifier>
    </Filter>
  </ItemGroup>
  <ItemGroup>
    <ClCompile Include="main.cpp">
      <Filter>src</Filter>
    </ClCompile>
    <ClCompile Include="SVGElement.cpp">
      <Filter>src\model</Filter>
    </ClCompile>
    <ClCompile Include="SVGParer.cpp">
      <Filter>src\Parser</Filter>
    </ClCompile>
    <ClCompile Include="SVGRenderer.cpp">
      <Filter>src\Renderer</Filter>
    </ClCompile>
    <ClCompile Include="Transform.cpp">
      <Filter>src\Transform</Filter>
    </ClCompile>
    <ClCompile Include="Group.cpp">
      <Filter>src\Group</Filter>
    </ClCompile>
    <ClCompile Include="SVGPath.cpp">
      <Filter>src\Path</Filter>
    </ClCompile>
  </ItemGroup>
  <ItemGroup>
    <ClInclude Include="SVGParser.h">
      <Filter>include</Filter>
    </ClInclude>
    <ClInclude Include="SVGElement.h">
      <Filter>include</Filter>
    </ClInclude>
    <ClInclude Include="SVGRenderer.h">
      <Filter>include</Filter>
    </ClInclude>
    <ClInclude Include="Transform.h">
      <Filter>include</Filter>
    </ClInclude>
    <ClInclude Include="Group.h">
      <Filter>include</Filter>
    </ClInclude>
    <ClInclude Include="SVGPath.h">
      <Filter>include</Filter>
    </ClInclude>
  </ItemGroup>
  <ItemGroup>
    <None Include=".gitignore" />
    <None Include=".gitkeep" />
    <None Include="sample.svg" />
    <None Include="gemini.svg" />
    <None Include="build\my_svg_app">
      <Filter>src\app</Filter>
    </None>
    <None Include="build\my_svg_app.dSYM\Contents\Resources\DWARF\my_svg_app">
      <Filter>src\app</Filter>
    </None>
    <None Include="build\my_svg_app.dSYM\Contents\Resources\Relocations\aarch64\my_svg_app.yml">
      <Filter>src\app</Filter>
    </None>
    <None Include="final_test.svg" />
    <None Include="svg-01.svg" />
    <None Include="svg-02.svg" />
    <None Include="svg-03.svg" />
    <None Include="svg-04.svg" />
    <None Include="svg-05.svg" />
    <None Include="svg-06.svg" />
    <None Include="svg-07.svg" />
    <None Include="svg-08.svg" />
    <None Include="svg-09.svg" />
    <None Include="svg-10.svg" />
    <None Include="svg-11.svg" />
    <None Include="svg-12.svg" />
    <None Include="svg-13.svg" />
    <None Include="svg-14.svg" />
    <None Include="svg-15.svg" />
    <None Include="svg-16.svg" />
    <None Include="svg-17.svg" />
    <None Include="svg-18.svg" />
  </ItemGroup>
</Project>