<?xml version="1.0" encoding="utf-8"?>
<Project ToolsVersion="4.0" xmlns="http://schemas.microsoft.com/developer/msbuild/2003">
  <ItemGroup>
    <Filter Include="include">
      <UniqueIdentifier>{93995380-89BD-4b04-88EB-625FBE52EBFB}</UniqueIdentifier>
      <Extensions>h;hh;hpp;hxx;h++;hm;inl;inc;ipp;xsd</Extensions>
    </Filter>
    <Filter Include="src">
      <UniqueIdentifier>{4FC737F1-C7A5-4376-A066-2A32D752A2FF}</UniqueIdentifier>
      <Extensions>cpp;c;cc;cxx;c++;cppm;ixx;def;odl;idl;hpj;bat;asm;asmx</Extensions>
    </Filter>
    <Filter Include="assets">
      <UniqueIdentifier>{67DA6AB6-F800-4c08-8B7A-83BB121AAD01}</UniqueIdentifier>
      <Extensions>rc;ico;cur;bmp;dlg;rc2;rct;bin;rgs;gif;jpg;jpeg;jpe;resx;tiff;tif;png;wav;mfcribbon-ms</Extensions>
    </Filter>
    <Filter Include="tests">
      <UniqueIdentifier>{a2978a7b-37fd-418c-bf49-6e0afba5d508}</UniqueIdentifier>
    </Filter>
    <Filter Include="src\utils">
      <UniqueIdentifier>{3b1dd0cf-8008-42c6-9419-bcd0cc1977d6}</UniqueIdentifier>
    </Filter>
    <Filter Include="src\elements">
      <UniqueIdentifier>{c5c6415f-49c0-4213-94b0-15e5705cc2b9}</UniqueIdentifier>
    </Filter>
  </ItemGroup>
  <ItemGroup>
    <ClCompile Include="main.cpp">
      <Filter>src</Filter>
    </ClCompile>
    <ClCompile Include="Renderer.cpp">
      <Filter>src</Filter>
    </ClCompile>
    <ClCompile Include="SVGParer.cpp">
      <Filter>src</Filter>
    </ClCompile>
    <ClCompile Include="SVGElement.cpp">
      <Filter>src\elements</Filter>
    </ClCompile>
    <ClCompile Include="Circle.cpp">
      <Filter>src\elements</Filter>
    </ClCompile>
    <ClCompile Include="Rect.cpp">
      <Filter>src\elements</Filter>
    </ClCompile>
    <ClCompile Include="Line.cpp">
      <Filter>src\elements</Filter>
    </ClCompile>
    <ClCompile Include="Path.cpp">
      <Filter>src\elements</Filter>
    </ClCompile>
    <ClCompile Include="Text.cpp">
      <Filter>src\elements</Filter>
    </ClCompile>
    <ClCompile Include="Color.cpp">
      <Filter>src\utils</Filter>
    </ClCompile>
    <ClCompile Include="Transform.cpp">
      <Filter>src\utils</Filter>
    </ClCompile>
    <ClCompile Include="test_parser.cpp">
      <Filter>tests</Filter>
    </ClCompile>
    <ClCompile Include="test_render.cpp">
      <Filter>src</Filter>
    </ClCompile>
  </ItemGroup>
  <ItemGroup>
    <ClInclude Include="Color.h">
      <Filter>src\utils</Filter>
    </ClInclude>
    <ClInclude Include="Transform.h">
      <Filter>src\utils</Filter>
    </ClInclude>
    <ClInclude Include="Renderer.h">
      <Filter>include</Filter>
    </ClInclude>
    <ClInclude Include="SVGParser.h">
      <Filter>include</Filter>
    </ClInclude>
    <ClInclude Include="SVGElement.h">
      <Filter>include</Filter>
    </ClInclude>
    <ClInclude Include="Circle.h">
      <Filter>include</Filter>
    </ClInclude>
    <ClInclude Include="Rect.h">
      <Filter>include</Filter>
    </ClInclude>
    <ClInclude Include="Line.h">
      <Filter>include</Filter>
    </ClInclude>
    <ClInclude Include="Path.h">
      <Filter>include</Filter>
    </ClInclude>
    <ClInclude Include="Text.h">
      <Filter>include</Filter>
    </ClInclude>
  </ItemGroup>
  <ItemGroup>
    <None Include="test1.svg">
      <Filter>assets</Filter>
    </None>
    <None Include="logo.svg">
      <Filter>assets</Filter>
    </None>
    <None Include=".gitignore" />
  </ItemGroup>
</Project>